// !$*UTF8*$!
{
	archiveVersion = 1;
	classes = {
	};
	objectVersion = 46;
	objects = {

/* Begin PBXBuildFile section */
		224DB86C181080D200E3F505 /* Foundation.framework in Frameworks */ = {isa = PBXBuildFile; fileRef = 224DB86B181080D200E3F505 /* Foundation.framework */; };
		224DB86E181080D200E3F505 /* CoreGraphics.framework in Frameworks */ = {isa = PBXBuildFile; fileRef = 224DB86D181080D200E3F505 /* CoreGraphics.framework */; };
		224DB870181080D200E3F505 /* UIKit.framework in Frameworks */ = {isa = PBXBuildFile; fileRef = 224DB86F181080D200E3F505 /* UIKit.framework */; };
		224DB876181080D200E3F505 /* InfoPlist.strings in Resources */ = {isa = PBXBuildFile; fileRef = 224DB874181080D200E3F505 /* InfoPlist.strings */; };
		224DB878181080D200E3F505 /* main.m in Sources */ = {isa = PBXBuildFile; fileRef = 224DB877181080D200E3F505 /* main.m */; };
		224DB87C181080D200E3F505 /* CRAppDelegate.m in Sources */ = {isa = PBXBuildFile; fileRef = 224DB87B181080D200E3F505 /* CRAppDelegate.m */; };
		224DB87F181080D200E3F505 /* Main.storyboard in Resources */ = {isa = PBXBuildFile; fileRef = 224DB87D181080D200E3F505 /* Main.storyboard */; };
		224DB882181080D200E3F505 /* CRViewController.m in Sources */ = {isa = PBXBuildFile; fileRef = 224DB881181080D200E3F505 /* CRViewController.m */; };
		224DB884181080D200E3F505 /* Images.xcassets in Resources */ = {isa = PBXBuildFile; fileRef = 224DB883181080D200E3F505 /* Images.xcassets */; };
		224DB88B181080D200E3F505 /* XCTest.framework in Frameworks */ = {isa = PBXBuildFile; fileRef = 224DB88A181080D200E3F505 /* XCTest.framework */; };
		224DB88C181080D200E3F505 /* Foundation.framework in Frameworks */ = {isa = PBXBuildFile; fileRef = 224DB86B181080D200E3F505 /* Foundation.framework */; };
		224DB88D181080D200E3F505 /* UIKit.framework in Frameworks */ = {isa = PBXBuildFile; fileRef = 224DB86F181080D200E3F505 /* UIKit.framework */; };
		224DB895181080D200E3F505 /* InfoPlist.strings in Resources */ = {isa = PBXBuildFile; fileRef = 224DB893181080D200E3F505 /* InfoPlist.strings */; };
		224DB897181080D200E3F505 /* CRIMessageFailTests.m in Sources */ = {isa = PBXBuildFile; fileRef = 224DB896181080D200E3F505 /* CRIMessageFailTests.m */; };
/* End PBXBuildFile section */

/* Begin PBXContainerItemProxy section */
		224DB88E181080D200E3F505 /* PBXContainerItemProxy */ = {
			isa = PBXContainerItemProxy;
			containerPortal = 224DB860181080D200E3F505 /* Project object */;
			proxyType = 1;
			remoteGlobalIDString = 224DB867181080D200E3F505;
			remoteInfo = CRIMessageFail;
		};
/* End PBXContainerItemProxy section */

/* Begin PBXFileReference section */
		224DB868181080D200E3F505 /* CRIMessageFail.app */ = {isa = PBXFileReference; explicitFileType = wrapper.application; includeInIndex = 0; path = CRIMessageFail.app; sourceTree = BUILT_PRODUCTS_DIR; };
		224DB86B181080D200E3F505 /* Foundation.framework */ = {isa = PBXFileReference; lastKnownFileType = wrapper.framework; name = Foundation.framework; path = System/Library/Frameworks/Foundation.framework; sourceTree = SDKROOT; };
		224DB86D181080D200E3F505 /* CoreGraphics.framework */ = {isa = PBXFileReference; lastKnownFileType = wrapper.framework; name = CoreGraphics.framework; path = System/Library/Frameworks/CoreGraphics.framework; sourceTree = SDKROOT; };
		224DB86F181080D200E3F505 /* UIKit.framework */ = {isa = PBXFileReference; lastKnownFileType = wrapper.framework; name = UIKit.framework; path = System/Library/Frameworks/UIKit.framework; sourceTree = SDKROOT; };
		224DB873181080D200E3F505 /* CRIMessageFail-Info.plist */ = {isa = PBXFileReference; lastKnownFileType = text.plist.xml; path = "CRIMessageFail-Info.plist"; sourceTree = "<group>"; };
		224DB875181080D200E3F505 /* en */ = {isa = PBXFileReference; lastKnownFileType = text.plist.strings; name = en; path = en.lproj/InfoPlist.strings; sourceTree = "<group>"; };
		224DB877181080D200E3F505 /* main.m */ = {isa = PBXFileReference; lastKnownFileType = sourcecode.c.objc; path = main.m; sourceTree = "<group>"; };
		224DB879181080D200E3F505 /* CRIMessageFail-Prefix.pch */ = {isa = PBXFileReference; lastKnownFileType = sourcecode.c.h; path = "CRIMessageFail-Prefix.pch"; sourceTree = "<group>"; };
		224DB87A181080D200E3F505 /* CRAppDelegate.h */ = {isa = PBXFileReference; lastKnownFileType = sourcecode.c.h; path = CRAppDelegate.h; sourceTree = "<group>"; };
		224DB87B181080D200E3F505 /* CRAppDelegate.m */ = {isa = PBXFileReference; lastKnownFileType = sourcecode.c.objc; path = CRAppDelegate.m; sourceTree = "<group>"; };
		224DB87E181080D200E3F505 /* Base */ = {isa = PBXFileReference; lastKnownFileType = file.storyboard; name = Base; path = Base.lproj/Main.storyboard; sourceTree = "<group>"; };
		224DB880181080D200E3F505 /* CRViewController.h */ = {isa = PBXFileReference; lastKnownFileType = sourcecode.c.h; path = CRViewController.h; sourceTree = "<group>"; };
		224DB881181080D200E3F505 /* CRViewController.m */ = {isa = PBXFileReference; lastKnownFileType = sourcecode.c.objc; path = CRViewController.m; sourceTree = "<group>"; };
		224DB883181080D200E3F505 /* Images.xcassets */ = {isa = PBXFileReference; lastKnownFileType = folder.assetcatalog; path = Images.xcassets; sourceTree = "<group>"; };
		224DB889181080D200E3F505 /* CRIMessageFailTests.xctest */ = {isa = PBXFileReference; explicitFileType = wrapper.cfbundle; includeInIndex = 0; path = CRIMessageFailTests.xctest; sourceTree = BUILT_PRODUCTS_DIR; };
		224DB88A181080D200E3F505 /* XCTest.framework */ = {isa = PBXFileReference; lastKnownFileType = wrapper.framework; name = XCTest.framework; path = Library/Frameworks/XCTest.framework; sourceTree = DEVELOPER_DIR; };
		224DB892181080D200E3F505 /* CRIMessageFailTests-Info.plist */ = {isa = PBXFileReference; lastKnownFileType = text.plist.xml; path = "CRIMessageFailTests-Info.plist"; sourceTree = "<group>"; };
		224DB894181080D200E3F505 /* en */ = {isa = PBXFileReference; lastKnownFileType = text.plist.strings; name = en; path = en.lproj/InfoPlist.strings; sourceTree = "<group>"; };
		224DB896181080D200E3F505 /* CRIMessageFailTests.m */ = {isa = PBXFileReference; lastKnownFileType = sourcecode.c.objc; path = CRIMessageFailTests.m; sourceTree = "<group>"; };
/* End PBXFileReference section */

/* Begin PBXFrameworksBuildPhase section */
		224DB865181080D200E3F505 /* Frameworks */ = {
			isa = PBXFrameworksBuildPhase;
			buildActionMask = 2147483647;
			files = (
				224DB86E181080D200E3F505 /* CoreGraphics.framework in Frameworks */,
				224DB870181080D200E3F505 /* UIKit.framework in Frameworks */,
				224DB86C181080D200E3F505 /* Foundation.framework in Frameworks */,
			);
			runOnlyForDeploymentPostprocessing = 0;
		};
		224DB886181080D200E3F505 /* Frameworks */ = {
			isa = PBXFrameworksBuildPhase;
			buildActionMask = 2147483647;
			files = (
				224DB88B181080D200E3F505 /* XCTest.framework in Frameworks */,
				224DB88D181080D200E3F505 /* UIKit.framework in Frameworks */,
				224DB88C181080D200E3F505 /* Foundation.framework in Frameworks */,
			);
			runOnlyForDeploymentPostprocessing = 0;
		};
/* End PBXFrameworksBuildPhase section */

/* Begin PBXGroup section */
		224DB85F181080D200E3F505 = {
			isa = PBXGroup;
			children = (
				224DB871181080D200E3F505 /* CRIMessageFail */,
				224DB890181080D200E3F505 /* CRIMessageFailTests */,
				224DB86A181080D200E3F505 /* Frameworks */,
				224DB869181080D200E3F505 /* Products */,
			);
			sourceTree = "<group>";
		};
		224DB869181080D200E3F505 /* Products */ = {
			isa = PBXGroup;
			children = (
				224DB868181080D200E3F505 /* CRIMessageFail.app */,
				224DB889181080D200E3F505 /* CRIMessageFailTests.xctest */,
			);
			name = Products;
			sourceTree = "<group>";
		};
		224DB86A181080D200E3F505 /* Frameworks */ = {
			isa = PBXGroup;
			children = (
				224DB86B181080D200E3F505 /* Foundation.framework */,
				224DB86D181080D200E3F505 /* CoreGraphics.framework */,
				224DB86F181080D200E3F505 /* UIKit.framework */,
				224DB88A181080D200E3F505 /* XCTest.framework */,
			);
			name = Frameworks;
			sourceTree = "<group>";
		};
		224DB871181080D200E3F505 /* CRIMessageFail */ = {
			isa = PBXGroup;
			children = (
				224DB87A181080D200E3F505 /* CRAppDelegate.h */,
				224DB87B181080D200E3F505 /* CRAppDelegate.m */,
				224DB87D181080D200E3F505 /* Main.storyboard */,
				224DB880181080D200E3F505 /* CRViewController.h */,
				224DB881181080D200E3F505 /* CRViewController.m */,
				224DB883181080D200E3F505 /* Images.xcassets */,
				224DB872181080D200E3F505 /* Supporting Files */,
			);
			path = CRIMessageFail;
			sourceTree = "<group>";
		};
		224DB872181080D200E3F505 /* Supporting Files */ = {
			isa = PBXGroup;
			children = (
				224DB873181080D200E3F505 /* CRIMessageFail-Info.plist */,
				224DB874181080D200E3F505 /* InfoPlist.strings */,
				224DB877181080D200E3F505 /* main.m */,
				224DB879181080D200E3F505 /* CRIMessageFail-Prefix.pch */,
			);
			name = "Supporting Files";
			sourceTree = "<group>";
		};
		224DB890181080D200E3F505 /* CRIMessageFailTests */ = {
			isa = PBXGroup;
			children = (
				224DB896181080D200E3F505 /* CRIMessageFailTests.m */,
				224DB891181080D200E3F505 /* Supporting Files */,
			);
			path = CRIMessageFailTests;
			sourceTree = "<group>";
		};
		224DB891181080D200E3F505 /* Supporting Files */ = {
			isa = PBXGroup;
			children = (
				224DB892181080D200E3F505 /* CRIMessageFailTests-Info.plist */,
				224DB893181080D200E3F505 /* InfoPlist.strings */,
			);
			name = "Supporting Files";
			sourceTree = "<group>";
		};
/* End PBXGroup section */

/* Begin PBXNativeTarget section */
		224DB867181080D200E3F505 /* CRIMessageFail */ = {
			isa = PBXNativeTarget;
			buildConfigurationList = 224DB89A181080D200E3F505 /* Build configuration list for PBXNativeTarget "CRIMessageFail" */;
			buildPhases = (
				224DB864181080D200E3F505 /* Sources */,
				224DB865181080D200E3F505 /* Frameworks */,
				224DB866181080D200E3F505 /* Resources */,
			);
			buildRules = (
			);
			dependencies = (
			);
			name = CRIMessageFail;
			productName = CRIMessageFail;
			productReference = 224DB868181080D200E3F505 /* CRIMessageFail.app */;
			productType = "com.apple.product-type.application";
		};
		224DB888181080D200E3F505 /* CRIMessageFailTests */ = {
			isa = PBXNativeTarget;
			buildConfigurationList = 224DB89D181080D200E3F505 /* Build configuration list for PBXNativeTarget "CRIMessageFailTests" */;
			buildPhases = (
				224DB885181080D200E3F505 /* Sources */,
				224DB886181080D200E3F505 /* Frameworks */,
				224DB887181080D200E3F505 /* Resources */,
			);
			buildRules = (
			);
			dependencies = (
				224DB88F181080D200E3F505 /* PBXTargetDependency */,
			);
			name = CRIMessageFailTests;
			productName = CRIMessageFailTests;
			productReference = 224DB889181080D200E3F505 /* CRIMessageFailTests.xctest */;
			productType = "com.apple.product-type.bundle.unit-test";
		};
/* End PBXNativeTarget section */

/* Begin PBXProject section */
		224DB860181080D200E3F505 /* Project object */ = {
			isa = PBXProject;
			attributes = {
				CLASSPREFIX = CR;
				LastUpgradeCheck = 0500;
				ORGANIZATIONNAME = "Camino Real Inc.";
				TargetAttributes = {
					224DB888181080D200E3F505 = {
						TestTargetID = 224DB867181080D200E3F505;
					};
				};
			};
			buildConfigurationList = 224DB863181080D200E3F505 /* Build configuration list for PBXProject "CRIMessageFail" */;
			compatibilityVersion = "Xcode 3.2";
			developmentRegion = English;
			hasScannedForEncodings = 0;
			knownRegions = (
				en,
				Base,
			);
			mainGroup = 224DB85F181080D200E3F505;
			productRefGroup = 224DB869181080D200E3F505 /* Products */;
			projectDirPath = "";
			projectRoot = "";
			targets = (
				224DB867181080D200E3F505 /* CRIMessageFail */,
				224DB888181080D200E3F505 /* CRIMessageFailTests */,
			);
		};
/* End PBXProject section */

/* Begin PBXResourcesBuildPhase section */
		224DB866181080D200E3F505 /* Resources */ = {
			isa = PBXResourcesBuildPhase;
			buildActionMask = 2147483647;
			files = (
				224DB884181080D200E3F505 /* Images.xcassets in Resources */,
				224DB876181080D200E3F505 /* InfoPlist.strings in Resources */,
				224DB87F181080D200E3F505 /* Main.storyboard in Resources */,
			);
			runOnlyForDeploymentPostprocessing = 0;
		};
		224DB887181080D200E3F505 /* Resources */ = {
			isa = PBXResourcesBuildPhase;
			buildActionMask = 2147483647;
			files = (
				224DB895181080D200E3F505 /* InfoPlist.strings in Resources */,
			);
			runOnlyForDeploymentPostprocessing = 0;
		};
/* End PBXResourcesBuildPhase section */

/* Begin PBXSourcesBuildPhase section */
		224DB864181080D200E3F505 /* Sources */ = {
			isa = PBXSourcesBuildPhase;
			buildActionMask = 2147483647;
			files = (
				224DB878181080D200E3F505 /* main.m in Sources */,
				224DB87C181080D200E3F505 /* CRAppDelegate.m in Sources */,
				224DB882181080D200E3F505 /* CRViewController.m in Sources */,
			);
			runOnlyForDeploymentPostprocessing = 0;
		};
		224DB885181080D200E3F505 /* Sources */ = {
			isa = PBXSourcesBuildPhase;
			buildActionMask = 2147483647;
			files = (
				224DB897181080D200E3F505 /* CRIMessageFailTests.m in Sources */,
			);
			runOnlyForDeploymentPostprocessing = 0;
		};
/* End PBXSourcesBuildPhase section */

/* Begin PBXTargetDependency section */
		224DB88F181080D200E3F505 /* PBXTargetDependency */ = {
			isa = PBXTargetDependency;
			target = 224DB867181080D200E3F505 /* CRIMessageFail */;
			targetProxy = 224DB88E181080D200E3F505 /* PBXContainerItemProxy */;
		};
/* End PBXTargetDependency section */

/* Begin PBXVariantGroup section */
		224DB874181080D200E3F505 /* InfoPlist.strings */ = {
			isa = PBXVariantGroup;
			children = (
				224DB875181080D200E3F505 /* en */,
			);
			name = InfoPlist.strings;
			sourceTree = "<group>";
		};
		224DB87D181080D200E3F505 /* Main.storyboard */ = {
			isa = PBXVariantGroup;
			children = (
				224DB87E181080D200E3F505 /* Base */,
			);
			name = Main.storyboard;
			sourceTree = "<group>";
		};
		224DB893181080D200E3F505 /* InfoPlist.strings */ = {
			isa = PBXVariantGroup;
			children = (
				224DB894181080D200E3F505 /* en */,
			);
			name = InfoPlist.strings;
			sourceTree = "<group>";
		};
/* End PBXVariantGroup section */

/* Begin XCBuildConfiguration section */
		224DB898181080D200E3F505 /* Debug */ = {
			isa = XCBuildConfiguration;
			buildSettings = {
				ALWAYS_SEARCH_USER_PATHS = NO;
				ARCHS = "$(ARCHS_STANDARD_INCLUDING_64_BIT)";
				CLANG_CXX_LANGUAGE_STANDARD = "gnu++0x";
				CLANG_CXX_LIBRARY = "libc++";
				CLANG_ENABLE_MODULES = YES;
				CLANG_ENABLE_OBJC_ARC = YES;
				CLANG_WARN_BOOL_CONVERSION = YES;
				CLANG_WARN_CONSTANT_CONVERSION = YES;
				CLANG_WARN_DIRECT_OBJC_ISA_USAGE = YES_ERROR;
				CLANG_WARN_EMPTY_BODY = YES;
				CLANG_WARN_ENUM_CONVERSION = YES;
				CLANG_WARN_INT_CONVERSION = YES;
				CLANG_WARN_OBJC_ROOT_CLASS = YES_ERROR;
				CLANG_WARN__DUPLICATE_METHOD_MATCH = YES;
				"CODE_SIGN_IDENTITY[sdk=iphoneos*]" = "iPhone Developer";
				COPY_PHASE_STRIP = NO;
				GCC_C_LANGUAGE_STANDARD = gnu99;
				GCC_DYNAMIC_NO_PIC = NO;
				GCC_OPTIMIZATION_LEVEL = 0;
				GCC_PREPROCESSOR_DEFINITIONS = (
					"DEBUG=1",
					"$(inherited)",
				);
				GCC_SYMBOLS_PRIVATE_EXTERN = NO;
				GCC_WARN_64_TO_32_BIT_CONVERSION = YES;
				GCC_WARN_ABOUT_RETURN_TYPE = YES_ERROR;
				GCC_WARN_UNDECLARED_SELECTOR = YES;
				GCC_WARN_UNINITIALIZED_AUTOS = YES;
				GCC_WARN_UNUSED_FUNCTION = YES;
				GCC_WARN_UNUSED_VARIABLE = YES;
				IPHONEOS_DEPLOYMENT_TARGET = 7.0;
				ONLY_ACTIVE_ARCH = YES;
				SDKROOT = iphoneos;
			};
			name = Debug;
		};
		224DB899181080D200E3F505 /* Release */ = {
			isa = XCBuildConfiguration;
			buildSettings = {
				ALWAYS_SEARCH_USER_PATHS = NO;
				ARCHS = "$(ARCHS_STANDARD_INCLUDING_64_BIT)";
				CLANG_CXX_LANGUAGE_STANDARD = "gnu++0x";
				CLANG_CXX_LIBRARY = "libc++";
				CLANG_ENABLE_MODULES = YES;
				CLANG_ENABLE_OBJC_ARC = YES;
				CLANG_WARN_BOOL_CONVERSION = YES;
				CLANG_WARN_CONSTANT_CONVERSION = YES;
				CLANG_WARN_DIRECT_OBJC_ISA_USAGE = YES_ERROR;
				CLANG_WARN_EMPTY_BODY = YES;
				CLANG_WARN_ENUM_CONVERSION = YES;
				CLANG_WARN_INT_CONVERSION = YES;
				CLANG_WARN_OBJC_ROOT_CLASS = YES_ERROR;
				CLANG_WARN__DUPLICATE_METHOD_MATCH = YES;
				"CODE_SIGN_IDENTITY[sdk=iphoneos*]" = "iPhone Developer";
				COPY_PHASE_STRIP = YES;
				ENABLE_NS_ASSERTIONS = NO;
				GCC_C_LANGUAGE_STANDARD = gnu99;
				GCC_WARN_64_TO_32_BIT_CONVERSION = YES;
				GCC_WARN_ABOUT_RETURN_TYPE = YES_ERROR;
				GCC_WARN_UNDECLARED_SELECTOR = YES;
				GCC_WARN_UNINITIALIZED_AUTOS = YES;
				GCC_WARN_UNUSED_FUNCTION = YES;
				GCC_WARN_UNUSED_VARIABLE = YES;
				IPHONEOS_DEPLOYMENT_TARGET = 7.0;
				SDKROOT = iphoneos;
				VALIDATE_PRODUCT = YES;
			};
			name = Release;
		};
		224DB89B181080D200E3F505 /* Debug */ = {
			isa = XCBuildConfiguration;
			buildSettings = {
				ASSETCATALOG_COMPILER_APPICON_NAME = AppIcon;
				ASSETCATALOG_COMPILER_LAUNCHIMAGE_NAME = LaunchImage;
				GCC_PRECOMPILE_PREFIX_HEADER = YES;
				GCC_PREFIX_HEADER = "CRIMessageFail/CRIMessageFail-Prefix.pch";
				INFOPLIST_FILE = "CRIMessageFail/CRIMessageFail-Info.plist";
				PRODUCT_NAME = "$(TARGET_NAME)";
				WRAPPER_EXTENSION = app;
			};
			name = Debug;
		};
		224DB89C181080D200E3F505 /* Release */ = {
			isa = XCBuildConfiguration;
			buildSettings = {
				ASSETCATALOG_COMPILER_APPICON_NAME = AppIcon;
				ASSETCATALOG_COMPILER_LAUNCHIMAGE_NAME = LaunchImage;
				GCC_PRECOMPILE_PREFIX_HEADER = YES;
				GCC_PREFIX_HEADER = "CRIMessageFail/CRIMessageFail-Prefix.pch";
				INFOPLIST_FILE = "CRIMessageFail/CRIMessageFail-Info.plist";
				PRODUCT_NAME = "$(TARGET_NAME)";
				WRAPPER_EXTENSION = app;
			};
			name = Release;
		};
		224DB89E181080D200E3F505 /* Debug */ = {
			isa = XCBuildConfiguration;
			buildSettings = {
				ARCHS = "$(ARCHS_STANDARD_INCLUDING_64_BIT)";
				BUNDLE_LOADER = "$(BUILT_PRODUCTS_DIR)/CRIMessageFail.app/CRIMessageFail";
				FRAMEWORK_SEARCH_PATHS = (
					"$(SDKROOT)/Developer/Library/Frameworks",
					"$(inherited)",
					"$(DEVELOPER_FRAMEWORKS_DIR)",
				);
				GCC_PRECOMPILE_PREFIX_HEADER = YES;
				GCC_PREFIX_HEADER = "CRIMessageFail/CRIMessageFail-Prefix.pch";
				GCC_PREPROCESSOR_DEFINITIONS = (
					"DEBUG=1",
					"$(inherited)",
				);
				INFOPLIST_FILE = "CRIMessageFailTests/CRIMessageFailTests-Info.plist";
				PRODUCT_NAME = "$(TARGET_NAME)";
				TEST_HOST = "$(BUNDLE_LOADER)";
				WRAPPER_EXTENSION = xctest;
			};
			name = Debug;
		};
		224DB89F181080D200E3F505 /* Release */ = {
			isa = XCBuildConfiguration;
			buildSettings = {
				ARCHS = "$(ARCHS_STANDARD_INCLUDING_64_BIT)";
				BUNDLE_LOADER = "$(BUILT_PRODUCTS_DIR)/CRIMessageFail.app/CRIMessageFail";
				FRAMEWORK_SEARCH_PATHS = (
					"$(SDKROOT)/Developer/Library/Frameworks",
					"$(inherited)",
					"$(DEVELOPER_FRAMEWORKS_DIR)",
				);
				GCC_PRECOMPILE_PREFIX_HEADER = YES;
				GCC_PREFIX_HEADER = "CRIMessageFail/CRIMessageFail-Prefix.pch";
				INFOPLIST_FILE = "CRIMessageFailTests/CRIMessageFailTests-Info.plist";
				PRODUCT_NAME = "$(TARGET_NAME)";
				TEST_HOST = "$(BUNDLE_LOADER)";
				WRAPPER_EXTENSION = xctest;
			};
			name = Release;
		};
/* End XCBuildConfiguration section */

/* Begin XCConfigurationList section */
		224DB863181080D200E3F505 /* Build configuration list for PBXProject "CRIMessageFail" */ = {
			isa = XCConfigurationList;
			buildConfigurations = (
				224DB898181080D200E3F505 /* Debug */,
				224DB899181080D200E3F505 /* Release */,
			);
			defaultConfigurationIsVisible = 0;
			defaultConfigurationName = Release;
		};
		224DB89A181080D200E3F505 /* Build configuration list for PBXNativeTarget "CRIMessageFail" */ = {
			isa = XCConfigurationList;
			buildConfigurations = (
				224DB89B181080D200E3F505 /* Debug */,
				224DB89C181080D200E3F505 /* Release */,
			);
			defaultConfigurationIsVisible = 0;
		};
		224DB89D181080D200E3F505 /* Build configuration list for PBXNativeTarget "CRIMessageFailTests" */ = {
			isa = XCConfigurationList;
			buildConfigurations = (
				224DB89E181080D200E3F505 /* Debug */,
				224DB89F181080D200E3F505 /* Release */,
			);
			defaultConfigurationIsVisible = 0;
		};
/* End XCConfigurationList section */
	};
	rootObject = 224DB860181080D200E3F505 /* Project object */;
}
